Microsoft Visual Studio Solution File, Format Version 7.00
Project("{FAE04EC0-301F-11D3-BF4B-00C04F79EFBC}") = "AfCtlLib", "AfCtlLib.csproj", "{9F8FF869-CBAB-4F29-9A59-6B57B894FD22}"
EndProject
Global
	GlobalSection(SolutionConfiguration) = preSolution
		ConfigName.0 = Debug
		ConfigName.1 = Release
	EndGlobalSection
	GlobalSection(ProjectDependencies) = postSolution
	EndGlobalSection
	GlobalSection(ProjectConfiguration) = postSolution
		{9F8FF869-CBAB-4F29-9A59-6B57B894FD22}.Debug.ActiveCfg = Debug|.NET
		{9F8FF869-CBAB-4F29-9A59-6B57B894FD22}.Debug.Build.0 = Debug|.NET
		{9F8FF869-CBAB-4F29-9A59-6B57B894FD22}.Release.ActiveCfg = Release|.NET
		{9F8FF869-CBAB-4F29-9A59-6B57B894FD22}.Release.Build.0 = Release|.NET
	EndGlobalSection
	GlobalSection(ExtensibilityGlobals) = postSolution
	EndGlobalSection
	GlobalSection(ExtensibilityAddIns) = postSolution
	EndGlobalSection
EndGlobal
